// !$*UTF8*$!
{
	archiveVersion = 1;
	classes = {
	};
	objectVersion = 56;
	objects = {

/* Begin PBXBuildFile section */
		1E1C2B47290C2E6200BBB56D /* AppDelegate.swift in Sources */ = {isa = PBXBuildFile; fileRef = 1E1C2B46290C2E6200BBB56D /* AppDelegate.swift */; };
		1E1C2B49290C2E6200BBB56D /* SceneDelegate.swift in Sources */ = {isa = PBXBuildFile; fileRef = 1E1C2B48290C2E6200BBB56D /* SceneDelegate.swift */; };
		1E1C2B4B290C2E6200BBB56D /* ViewController.swift in Sources */ = {isa = PBXBuildFile; fileRef = 1E1C2B4A290C2E6200BBB56D /* ViewController.swift */; };
		1E1C2B4E290C2E6200BBB56D /* Main.storyboard in Resources */ = {isa = PBXBuildFile; fileRef = 1E1C2B4C290C2E6200BBB56D /* Main.storyboard */; };
		1E1C2B50290C2E6400BBB56D /* Assets.xcassets in Resources */ = {isa = PBXBuildFile; fileRef = 1E1C2B4F290C2E6400BBB56D /* Assets.xcassets */; };
		1E1C2B53290C2E6400BBB56D /* LaunchScreen.storyboard in Resources */ = {isa = PBXBuildFile; fileRef = 1E1C2B51290C2E6400BBB56D /* LaunchScreen.storyboard */; };
		1E1C2B5E290C2E6400BBB56D /* StarWarsTests.swift in Sources */ = {isa = PBXBuildFile; fileRef = 1E1C2B5D290C2E6400BBB56D /* StarWarsTests.swift */; };
		1E1C2B68290C2E6400BBB56D /* StarWarsUITests.swift in Sources */ = {isa = PBXBuildFile; fileRef = 1E1C2B67290C2E6400BBB56D /* StarWarsUITests.swift */; };
		1E1C2B6A290C2E6400BBB56D /* StarWarsUITestsLaunchTests.swift in Sources */ = {isa = PBXBuildFile; fileRef = 1E1C2B69290C2E6400BBB56D /* StarWarsUITestsLaunchTests.swift */; };
/* End PBXBuildFile section */

/* Begin PBXContainerItemProxy section */
		1E1C2B5A290C2E6400BBB56D /* PBXContainerItemProxy */ = {
			isa = PBXContainerItemProxy;
			containerPortal = 1E1C2B3B290C2E6200BBB56D /* Project object */;
			proxyType = 1;
			remoteGlobalIDString = 1E1C2B42290C2E6200BBB56D;
			remoteInfo = StarWars;
		};
		1E1C2B64290C2E6400BBB56D /* PBXContainerItemProxy */ = {
			isa = PBXContainerItemProxy;
			containerPortal = 1E1C2B3B290C2E6200BBB56D /* Project object */;
			proxyType = 1;
			remoteGlobalIDString = 1E1C2B42290C2E6200BBB56D;
			remoteInfo = StarWars;
		};
/* End PBXContainerItemProxy section */

/* Begin PBXFileReference section */
		1E1C2B43290C2E6200BBB56D /* StarWars.app */ = {isa = PBXFileReference; explicitFileType = wrapper.application; includeInIndex = 0; path = StarWars.app; sourceTree = BUILT_PRODUCTS_DIR; };
		1E1C2B46290C2E6200BBB56D /* AppDelegate.swift */ = {isa = PBXFileReference; lastKnownFileType = sourcecode.swift; path = AppDelegate.swift; sourceTree = "<group>"; };
		1E1C2B48290C2E6200BBB56D /* SceneDelegate.swift */ = {isa = PBXFileReference; lastKnownFileType = sourcecode.swift; path = SceneDelegate.swift; sourceTree = "<group>"; };
		1E1C2B4A290C2E6200BBB56D /* ViewController.swift */ = {isa = PBXFileReference; lastKnownFileType = sourcecode.swift; path = ViewController.swift; sourceTree = "<group>"; };
		1E1C2B4D290C2E6200BBB56D /* Base */ = {isa = PBXFileReference; lastKnownFileType = file.storyboard; name = Base; path = Base.lproj/Main.storyboard; sourceTree = "<group>"; };
		1E1C2B4F290C2E6400BBB56D /* Assets.xcassets */ = {isa = PBXFileReference; lastKnownFileType = folder.assetcatalog; path = Assets.xcassets; sourceTree = "<group>"; };
		1E1C2B52290C2E6400BBB56D /* Base */ = {isa = PBXFileReference; lastKnownFileType = file.storyboard; name = Base; path = Base.lproj/LaunchScreen.storyboard; sourceTree = "<group>"; };
		1E1C2B54290C2E6400BBB56D /* Info.plist */ = {isa = PBXFileReference; lastKnownFileType = text.plist.xml; path = Info.plist; sourceTree = "<group>"; };
		1E1C2B59290C2E6400BBB56D /* StarWarsTests.xctest */ = {isa = PBXFileReference; explicitFileType = wrapper.cfbundle; includeInIndex = 0; path = StarWarsTests.xctest; sourceTree = BUILT_PRODUCTS_DIR; };
		1E1C2B5D290C2E6400BBB56D /* StarWarsTests.swift */ = {isa = PBXFileReference; lastKnownFileType = sourcecode.swift; path = StarWarsTests.swift; sourceTree = "<group>"; };
		1E1C2B63290C2E6400BBB56D /* StarWarsUITests.xctest */ = {isa = PBXFileReference; explicitFileType = wrapper.cfbundle; includeInIndex = 0; path = StarWarsUITests.xctest; sourceTree = BUILT_PRODUCTS_DIR; };
		1E1C2B67290C2E6400BBB56D /* StarWarsUITests.swift */ = {isa = PBXFileReference; lastKnownFileType = sourcecode.swift; path = StarWarsUITests.swift; sourceTree = "<group>"; };
		1E1C2B69290C2E6400BBB56D /* StarWarsUITestsLaunchTests.swift */ = {isa = PBXFileReference; lastKnownFileType = sourcecode.swift; path = StarWarsUITestsLaunchTests.swift; sourceTree = "<group>"; };
/* End PBXFileReference section */

/* Begin PBXFrameworksBuildPhase section */
		1E1C2B40290C2E6200BBB56D /* Frameworks */ = {
			isa = PBXFrameworksBuildPhase;
			buildActionMask = 2147483647;
			files = (
			);
			runOnlyForDeploymentPostprocessing = 0;
		};
		1E1C2B56290C2E6400BBB56D /* Frameworks */ = {
			isa = PBXFrameworksBuildPhase;
			buildActionMask = 2147483647;
			files = (
			);
			runOnlyForDeploymentPostprocessing = 0;
		};
		1E1C2B60290C2E6400BBB56D /* Frameworks */ = {
			isa = PBXFrameworksBuildPhase;
			buildActionMask = 2147483647;
			files = (
			);
			runOnlyForDeploymentPostprocessing = 0;
		};
/* End PBXFrameworksBuildPhase section */

/* Begin PBXGroup section */
		1E1C2B3A290C2E6200BBB56D = {
			isa = PBXGroup;
			children = (
				1E1C2B45290C2E6200BBB56D /* StarWars */,
				1E1C2B5C290C2E6400BBB56D /* StarWarsTests */,
				1E1C2B66290C2E6400BBB56D /* StarWarsUITests */,
				1E1C2B44290C2E6200BBB56D /* Products */,
			);
			sourceTree = "<group>";
		};
		1E1C2B44290C2E6200BBB56D /* Products */ = {
			isa = PBXGroup;
			children = (
				1E1C2B43290C2E6200BBB56D /* StarWars.app */,
				1E1C2B59290C2E6400BBB56D /* StarWarsTests.xctest */,
				1E1C2B63290C2E6400BBB56D /* StarWarsUITests.xctest */,
			);
			name = Products;
			sourceTree = "<group>";
		};
		1E1C2B45290C2E6200BBB56D /* StarWars */ = {
			isa = PBXGroup;
			children = (
				1E1C2B46290C2E6200BBB56D /* AppDelegate.swift */,
				1E1C2B48290C2E6200BBB56D /* SceneDelegate.swift */,
				1E1C2B4A290C2E6200BBB56D /* ViewController.swift */,
				1E1C2B4C290C2E6200BBB56D /* Main.storyboard */,
				1E1C2B4F290C2E6400BBB56D /* Assets.xcassets */,
				1E1C2B51290C2E6400BBB56D /* LaunchScreen.storyboard */,
				1E1C2B54290C2E6400BBB56D /* Info.plist */,
			);
			path = StarWars;
			sourceTree = "<group>";
		};
		1E1C2B5C290C2E6400BBB56D /* StarWarsTests */ = {
			isa = PBXGroup;
			children = (
				1E1C2B5D290C2E6400BBB56D /* StarWarsTests.swift */,
			);
			path = StarWarsTests;
			sourceTree = "<group>";
		};
		1E1C2B66290C2E6400BBB56D /* StarWarsUITests */ = {
			isa = PBXGroup;
			children = (
				1E1C2B67290C2E6400BBB56D /* StarWarsUITests.swift */,
				1E1C2B69290C2E6400BBB56D /* StarWarsUITestsLaunchTests.swift */,
			);
			path = StarWarsUITests;
			sourceTree = "<group>";
		};
/* End PBXGroup section */

/* Begin PBXNativeTarget section */
		1E1C2B42290C2E6200BBB56D /* StarWars */ = {
			isa = PBXNativeTarget;
			buildConfigurationList = 1E1C2B6D290C2E6400BBB56D /* Build configuration list for PBXNativeTarget "StarWars" */;
			buildPhases = (
				1E1C2B3F290C2E6200BBB56D /* Sources */,
				1E1C2B40290C2E6200BBB56D /* Frameworks */,
				1E1C2B41290C2E6200BBB56D /* Resources */,
			);
			buildRules = (
			);
			dependencies = (
			);
			name = StarWars;
			productName = StarWars;
			productReference = 1E1C2B43290C2E6200BBB56D /* StarWars.app */;
			productType = "com.apple.product-type.application";
		};
		1E1C2B58290C2E6400BBB56D /* StarWarsTests */ = {
			isa = PBXNativeTarget;
			buildConfigurationList = 1E1C2B70290C2E6400BBB56D /* Build configuration list for PBXNativeTarget "StarWarsTests" */;
			buildPhases = (
				1E1C2B55290C2E6400BBB56D /* Sources */,
				1E1C2B56290C2E6400BBB56D /* Frameworks */,
				1E1C2B57290C2E6400BBB56D /* Resources */,
			);
			buildRules = (
			);
			dependencies = (
				1E1C2B5B290C2E6400BBB56D /* PBXTargetDependency */,
			);
			name = StarWarsTests;
			productName = StarWarsTests;
			productReference = 1E1C2B59290C2E6400BBB56D /* StarWarsTests.xctest */;
			productType = "com.apple.product-type.bundle.unit-test";
		};
		1E1C2B62290C2E6400BBB56D /* StarWarsUITests */ = {
			isa = PBXNativeTarget;
			buildConfigurationList = 1E1C2B73290C2E6400BBB56D /* Build configuration list for PBXNativeTarget "StarWarsUITests" */;
			buildPhases = (
				1E1C2B5F290C2E6400BBB56D /* Sources */,
				1E1C2B60290C2E6400BBB56D /* Frameworks */,
				1E1C2B61290C2E6400BBB56D /* Resources */,
			);
			buildRules = (
			);
			dependencies = (
				1E1C2B65290C2E6400BBB56D /* PBXTargetDependency */,
			);
			name = StarWarsUITests;
			productName = StarWarsUITests;
			productReference = 1E1C2B63290C2E6400BBB56D /* StarWarsUITests.xctest */;
			productType = "com.apple.product-type.bundle.ui-testing";
		};
/* End PBXNativeTarget section */

/* Begin PBXProject section */
		1E1C2B3B290C2E6200BBB56D /* Project object */ = {
			isa = PBXProject;
			attributes = {
				BuildIndependentTargetsInParallel = 1;
				LastSwiftUpdateCheck = 1400;
				LastUpgradeCheck = 1400;
				TargetAttributes = {
					1E1C2B42290C2E6200BBB56D = {
						CreatedOnToolsVersion = 14.0;
					};
					1E1C2B58290C2E6400BBB56D = {
						CreatedOnToolsVersion = 14.0;
						TestTargetID = 1E1C2B42290C2E6200BBB56D;
					};
					1E1C2B62290C2E6400BBB56D = {
						CreatedOnToolsVersion = 14.0;
						TestTargetID = 1E1C2B42290C2E6200BBB56D;
					};
				};
			};
			buildConfigurationList = 1E1C2B3E290C2E6200BBB56D /* Build configuration list for PBXProject "StarWars" */;
			compatibilityVersion = "Xcode 14.0";
			developmentRegion = en;
			hasScannedForEncodings = 0;
			knownRegions = (
				en,
				Base,
			);
			mainGroup = 1E1C2B3A290C2E6200BBB56D;
			productRefGroup = 1E1C2B44290C2E6200BBB56D /* Products */;
			projectDirPath = "";
			projectRoot = "";
			targets = (
				1E1C2B42290C2E6200BBB56D /* StarWars */,
				1E1C2B58290C2E6400BBB56D /* StarWarsTests */,
				1E1C2B62290C2E6400BBB56D /* StarWarsUITests */,
			);
		};
/* End PBXProject section */

/* Begin PBXResourcesBuildPhase section */
		1E1C2B41290C2E6200BBB56D /* Resources */ = {
			isa = PBXResourcesBuildPhase;
			buildActionMask = 2147483647;
			files = (
				1E1C2B53290C2E6400BBB56D /* LaunchScreen.storyboard in Resources */,
				1E1C2B50290C2E6400BBB56D /* Assets.xcassets in Resources */,
				1E1C2B4E290C2E6200BBB56D /* Main.storyboard in Resources */,
			);
			runOnlyForDeploymentPostprocessing = 0;
		};
		1E1C2B57290C2E6400BBB56D /* Resources */ = {
			isa = PBXResourcesBuildPhase;
			buildActionMask = 2147483647;
			files = (
			);
			runOnlyForDeploymentPostprocessing = 0;
		};
		1E1C2B61290C2E6400BBB56D /* Resources */ = {
			isa = PBXResourcesBuildPhase;
			buildActionMask = 2147483647;
			files = (
			);
			runOnlyForDeploymentPostprocessing = 0;
		};
/* End PBXResourcesBuildPhase section */

/* Begin PBXSourcesBuildPhase section */
		1E1C2B3F290C2E6200BBB56D /* Sources */ = {
			isa = PBXSourcesBuildPhase;
			buildActionMask = 2147483647;
			files = (
				1E1C2B4B290C2E6200BBB56D /* ViewController.swift in Sources */,
				1E1C2B47290C2E6200BBB56D /* AppDelegate.swift in Sources */,
				1E1C2B49290C2E6200BBB56D /* SceneDelegate.swift in Sources */,
			);
			runOnlyForDeploymentPostprocessing = 0;
		};
		1E1C2B55290C2E6400BBB56D /* Sources */ = {
			isa = PBXSourcesBuildPhase;
			buildActionMask = 2147483647;
			files = (
				1E1C2B5E290C2E6400BBB56D /* StarWarsTests.swift in Sources */,
			);
			runOnlyForDeploymentPostprocessing = 0;
		};
		1E1C2B5F290C2E6400BBB56D /* Sources */ = {
			isa = PBXSourcesBuildPhase;
			buildActionMask = 2147483647;
			files = (
				1E1C2B6A290C2E6400BBB56D /* StarWarsUITestsLaunchTests.swift in Sources */,
				1E1C2B68290C2E6400BBB56D /* StarWarsUITests.swift in Sources */,
			);
			runOnlyForDeploymentPostprocessing = 0;
		};
/* End PBXSourcesBuildPhase section */

/* Begin PBXTargetDependency section */
		1E1C2B5B290C2E6400BBB56D /* PBXTargetDependency */ = {
			isa = PBXTargetDependency;
			target = 1E1C2B42290C2E6200BBB56D /* StarWars */;
			targetProxy = 1E1C2B5A290C2E6400BBB56D /* PBXContainerItemProxy */;
		};
		1E1C2B65290C2E6400BBB56D /* PBXTargetDependency */ = {
			isa = PBXTargetDependency;
			target = 1E1C2B42290C2E6200BBB56D /* StarWars */;
			targetProxy = 1E1C2B64290C2E6400BBB56D /* PBXContainerItemProxy */;
		};
/* End PBXTargetDependency section */

/* Begin PBXVariantGroup section */
		1E1C2B4C290C2E6200BBB56D /* Main.storyboard */ = {
			isa = PBXVariantGroup;
			children = (
				1E1C2B4D290C2E6200BBB56D /* Base */,
			);
			name = Main.storyboard;
			sourceTree = "<group>";
		};
		1E1C2B51290C2E6400BBB56D /* LaunchScreen.storyboard */ = {
			isa = PBXVariantGroup;
			children = (
				1E1C2B52290C2E6400BBB56D /* Base */,
			);
			name = LaunchScreen.storyboard;
			sourceTree = "<group>";
		};
/* End PBXVariantGroup section */

/* Begin XCBuildConfiguration section */
		1E1C2B6B290C2E6400BBB56D /* Debug */ = {
			isa = XCBuildConfiguration;
			buildSettings = {
				ALWAYS_SEARCH_USER_PATHS = NO;
				CLANG_ANALYZER_NONNULL = YES;
				CLANG_ANALYZER_NUMBER_OBJECT_CONVERSION = YES_AGGRESSIVE;
				CLANG_CXX_LANGUAGE_STANDARD = "gnu++20";
				CLANG_ENABLE_MODULES = YES;
				CLANG_ENABLE_OBJC_ARC = YES;
				CLANG_ENABLE_OBJC_WEAK = YES;
				CLANG_WARN_BLOCK_CAPTURE_AUTORELEASING = YES;
				CLANG_WARN_BOOL_CONVERSION = YES;
				CLANG_WARN_COMMA = YES;
				CLANG_WARN_CONSTANT_CONVERSION = YES;
				CLANG_WARN_DEPRECATED_OBJC_IMPLEMENTATIONS = YES;
				CLANG_WARN_DIRECT_OBJC_ISA_USAGE = YES_ERROR;
				CLANG_WARN_DOCUMENTATION_COMMENTS = YES;
				CLANG_WARN_EMPTY_BODY = YES;
				CLANG_WARN_ENUM_CONVERSION = YES;
				CLANG_WARN_INFINITE_RECURSION = YES;
				CLANG_WARN_INT_CONVERSION = YES;
				CLANG_WARN_NON_LITERAL_NULL_CONVERSION = YES;
				CLANG_WARN_OBJC_IMPLICIT_RETAIN_SELF = YES;
				CLANG_WARN_OBJC_LITERAL_CONVERSION = YES;
				CLANG_WARN_OBJC_ROOT_CLASS = YES_ERROR;
				CLANG_WARN_QUOTED_INCLUDE_IN_FRAMEWORK_HEADER = YES;
				CLANG_WARN_RANGE_LOOP_ANALYSIS = YES;
				CLANG_WARN_STRICT_PROTOTYPES = YES;
				CLANG_WARN_SUSPICIOUS_MOVE = YES;
				CLANG_WARN_UNGUARDED_AVAILABILITY = YES_AGGRESSIVE;
				CLANG_WARN_UNREACHABLE_CODE = YES;
				CLANG_WARN__DUPLICATE_METHOD_MATCH = YES;
				COPY_PHASE_STRIP = NO;
				DEBUG_INFORMATION_FORMAT = dwarf;
				ENABLE_STRICT_OBJC_MSGSEND = YES;
				ENABLE_TESTABILITY = YES;
				GCC_C_LANGUAGE_STANDARD = gnu11;
				GCC_DYNAMIC_NO_PIC = NO;
				GCC_NO_COMMON_BLOCKS = YES;
				GCC_OPTIMIZATION_LEVEL = 0;
				GCC_PREPROCESSOR_DEFINITIONS = (
					"DEBUG=1",
					"$(inherited)",
				);
				GCC_WARN_64_TO_32_BIT_CONVERSION = YES;
				GCC_WARN_ABOUT_RETURN_TYPE = YES_ERROR;
				GCC_WARN_UNDECLARED_SELECTOR = YES;
				GCC_WARN_UNINITIALIZED_AUTOS = YES_AGGRESSIVE;
				GCC_WARN_UNUSED_FUNCTION = YES;
				GCC_WARN_UNUSED_VARIABLE = YES;
				IPHONEOS_DEPLOYMENT_TARGET = 16.0;
				MTL_ENABLE_DEBUG_INFO = INCLUDE_SOURCE;
				MTL_FAST_MATH = YES;
				ONLY_ACTIVE_ARCH = YES;
				SDKROOT = iphoneos;
				SWIFT_ACTIVE_COMPILATION_CONDITIONS = DEBUG;
				SWIFT_OPTIMIZATION_LEVEL = "-Onone";
			};
			name = Debug;
		};
		1E1C2B6C290C2E6400BBB56D /* Release */ = {
			isa = XCBuildConfiguration;
			buildSettings = {
				ALWAYS_SEARCH_USER_PATHS = NO;
				CLANG_ANALYZER_NONNULL = YES;
				CLANG_ANALYZER_NUMBER_OBJECT_CONVERSION = YES_AGGRESSIVE;
				CLANG_CXX_LANGUAGE_STANDARD = "gnu++20";
				CLANG_ENABLE_MODULES = YES;
				CLANG_ENABLE_OBJC_ARC = YES;
				CLANG_ENABLE_OBJC_WEAK = YES;
				CLANG_WARN_BLOCK_CAPTURE_AUTORELEASING = YES;
				CLANG_WARN_BOOL_CONVERSION = YES;
				CLANG_WARN_COMMA = YES;
				CLANG_WARN_CONSTANT_CONVERSION = YES;
				CLANG_WARN_DEPRECATED_OBJC_IMPLEMENTATIONS = YES;
				CLANG_WARN_DIRECT_OBJC_ISA_USAGE = YES_ERROR;
				CLANG_WARN_DOCUMENTATION_COMMENTS = YES;
				CLANG_WARN_EMPTY_BODY = YES;
				CLANG_WARN_ENUM_CONVERSION = YES;
				CLANG_WARN_INFINITE_RECURSION = YES;
				CLANG_WARN_INT_CONVERSION = YES;
				CLANG_WARN_NON_LITERAL_NULL_CONVERSION = YES;
				CLANG_WARN_OBJC_IMPLICIT_RETAIN_SELF = YES;
				CLANG_WARN_OBJC_LITERAL_CONVERSION = YES;
				CLANG_WARN_OBJC_ROOT_CLASS = YES_ERROR;
				CLANG_WARN_QUOTED_INCLUDE_IN_FRAMEWORK_HEADER = YES;
				CLANG_WARN_RANGE_LOOP_ANALYSIS = YES;
				CLANG_WARN_STRICT_PROTOTYPES = YES;
				CLANG_WARN_SUSPICIOUS_MOVE = YES;
				CLANG_WARN_UNGUARDED_AVAILABILITY = YES_AGGRESSIVE;
				CLANG_WARN_UNREACHABLE_CODE = YES;
				CLANG_WARN__DUPLICATE_METHOD_MATCH = YES;
				COPY_PHASE_STRIP = NO;
				DEBUG_INFORMATION_FORMAT = "dwarf-with-dsym";
				ENABLE_NS_ASSERTIONS = NO;
				ENABLE_STRICT_OBJC_MSGSEND = YES;
				GCC_C_LANGUAGE_STANDARD = gnu11;
				GCC_NO_COMMON_BLOCKS = YES;
				GCC_WARN_64_TO_32_BIT_CONVERSION = YES;
				GCC_WARN_ABOUT_RETURN_TYPE = YES_ERROR;
				GCC_WARN_UNDECLARED_SELECTOR = YES;
				GCC_WARN_UNINITIALIZED_AUTOS = YES_AGGRESSIVE;
				GCC_WARN_UNUSED_FUNCTION = YES;
				GCC_WARN_UNUSED_VARIABLE = YES;
				IPHONEOS_DEPLOYMENT_TARGET = 16.0;
				MTL_ENABLE_DEBUG_INFO = NO;
				MTL_FAST_MATH = YES;
				SDKROOT = iphoneos;
				SWIFT_COMPILATION_MODE = wholemodule;
				SWIFT_OPTIMIZATION_LEVEL = "-O";
				VALIDATE_PRODUCT = YES;
			};
			name = Release;
		};
		1E1C2B6E290C2E6400BBB56D /* Debug */ = {
			isa = XCBuildConfiguration;
			buildSettings = {
				ASSETCATALOG_COMPILER_APPICON_NAME = AppIcon;
				ASSETCATALOG_COMPILER_GLOBAL_ACCENT_COLOR_NAME = AccentColor;
				CODE_SIGN_STYLE = Automatic;
				CURRENT_PROJECT_VERSION = 1;
				GENERATE_INFOPLIST_FILE = YES;
				INFOPLIST_FILE = StarWars/Info.plist;
				INFOPLIST_KEY_UIApplicationSupportsIndirectInputEvents = YES;
				INFOPLIST_KEY_UILaunchStoryboardName = LaunchScreen;
				INFOPLIST_KEY_UIMainStoryboardFile = Main;
				INFOPLIST_KEY_UISupportedInterfaceOrientations_iPad = "UIInterfaceOrientationPortrait UIInterfaceOrientationPortraitUpsideDown UIInterfaceOrientationLandscapeLeft UIInterfaceOrientationLandscapeRight";
				INFOPLIST_KEY_UISupportedInterfaceOrientations_iPhone = "UIInterfaceOrientationPortrait UIInterfaceOrientationLandscapeLeft UIInterfaceOrientationLandscapeRight";
				LD_RUNPATH_SEARCH_PATHS = (
					"$(inherited)",
					"@executable_path/Frameworks",
				);
				MARKETING_VERSION = 1.0;
				PRODUCT_BUNDLE_IDENTIFIER = ADSkor.StarWars;
				PRODUCT_NAME = "$(TARGET_NAME)";
				SWIFT_EMIT_LOC_STRINGS = YES;
				SWIFT_VERSION = 5.0;
				TARGETED_DEVICE_FAMILY = "1,2";
			};
			name = Debug;
		};
		1E1C2B6F290C2E6400BBB56D /* Release */ = {
			isa = XCBuildConfiguration;
			buildSettings = {
				ASSETCATALOG_COMPILER_APPICON_NAME = AppIcon;
				ASSETCATALOG_COMPILER_GLOBAL_ACCENT_COLOR_NAME = AccentColor;
				CODE_SIGN_STYLE = Automatic;
				CURRENT_PROJECT_VERSION = 1;
				GENERATE_INFOPLIST_FILE = YES;
				INFOPLIST_FILE = StarWars/Info.plist;
				INFOPLIST_KEY_UIApplicationSupportsIndirectInputEvents = YES;
				INFOPLIST_KEY_UILaunchStoryboardName = LaunchScreen;
				INFOPLIST_KEY_UIMainStoryboardFile = Main;
				INFOPLIST_KEY_UISupportedInterfaceOrientations_iPad = "UIInterfaceOrientationPortrait UIInterfaceOrientationPortraitUpsideDown UIInterfaceOrientationLandscapeLeft UIInterfaceOrientationLandscapeRight";
				INFOPLIST_KEY_UISupportedInterfaceOrientations_iPhone = "UIInterfaceOrientationPortrait UIInterfaceOrientationLandscapeLeft UIInterfaceOrientationLandscapeRight";
				LD_RUNPATH_SEARCH_PATHS = (
					"$(inherited)",
					"@executable_path/Frameworks",
				);
				MARKETING_VERSION = 1.0;
				PRODUCT_BUNDLE_IDENTIFIER = ADSkor.StarWars;
				PRODUCT_NAME = "$(TARGET_NAME)";
				SWIFT_EMIT_LOC_STRINGS = YES;
				SWIFT_VERSION = 5.0;
				TARGETED_DEVICE_FAMILY = "1,2";
			};
			name = Release;
		};
		1E1C2B71290C2E6400BBB56D /* Debug */ = {
			isa = XCBuildConfiguration;
			buildSettings = {
				ALWAYS_EMBED_SWIFT_STANDARD_LIBRARIES = YES;
				BUNDLE_LOADER = "$(TEST_HOST)";
				CODE_SIGN_STYLE = Automatic;
				CURRENT_PROJECT_VERSION = 1;
				GENERATE_INFOPLIST_FILE = YES;
				IPHONEOS_DEPLOYMENT_TARGET = 16.0;
				MARKETING_VERSION = 1.0;
				PRODUCT_BUNDLE_IDENTIFIER = ADSkor.StarWarsTests;
				PRODUCT_NAME = "$(TARGET_NAME)";
				SWIFT_EMIT_LOC_STRINGS = NO;
				SWIFT_VERSION = 5.0;
				TARGETED_DEVICE_FAMILY = "1,2";
				TEST_HOST = "$(BUILT_PRODUCTS_DIR)/StarWars.app/$(BUNDLE_EXECUTABLE_FOLDER_PATH)/StarWars";
			};
			name = Debug;
		};
		1E1C2B72290C2E6400BBB56D /* Release */ = {
			isa = XCBuildConfiguration;
			buildSettings = {
				ALWAYS_EMBED_SWIFT_STANDARD_LIBRARIES = YES;
				BUNDLE_LOADER = "$(TEST_HOST)";
				CODE_SIGN_STYLE = Automatic;
				CURRENT_PROJECT_VERSION = 1;
				GENERATE_INFOPLIST_FILE = YES;
				IPHONEOS_DEPLOYMENT_TARGET = 16.0;
				MARKETING_VERSION = 1.0;
				PRODUCT_BUNDLE_IDENTIFIER = ADSkor.StarWarsTests;
				PRODUCT_NAME = "$(TARGET_NAME)";
				SWIFT_EMIT_LOC_STRINGS = NO;
				SWIFT_VERSION = 5.0;
				TARGETED_DEVICE_FAMILY = "1,2";
				TEST_HOST = "$(BUILT_PRODUCTS_DIR)/StarWars.app/$(BUNDLE_EXECUTABLE_FOLDER_PATH)/StarWars";
			};
			name = Release;
		};
		1E1C2B74290C2E6400BBB56D /* Debug */ = {
			isa = XCBuildConfiguration;
			buildSettings = {
				ALWAYS_EMBED_SWIFT_STANDARD_LIBRARIES = YES;
				CODE_SIGN_STYLE = Automatic;
				CURRENT_PROJECT_VERSION = 1;
				GENERATE_INFOPLIST_FILE = YES;
				MARKETING_VERSION = 1.0;
				PRODUCT_BUNDLE_IDENTIFIER = ADSkor.StarWarsUITests;
				PRODUCT_NAME = "$(TARGET_NAME)";
				SWIFT_EMIT_LOC_STRINGS = NO;
				SWIFT_VERSION = 5.0;
				TARGETED_DEVICE_FAMILY = "1,2";
				TEST_TARGET_NAME = StarWars;
			};
			name = Debug;
		};
		1E1C2B75290C2E6400BBB56D /* Release */ = {
			isa = XCBuildConfiguration;
			buildSettings = {
				ALWAYS_EMBED_SWIFT_STANDARD_LIBRARIES = YES;
				CODE_SIGN_STYLE = Automatic;
				CURRENT_PROJECT_VERSION = 1;
				GENERATE_INFOPLIST_FILE = YES;
				MARKETING_VERSION = 1.0;
				PRODUCT_BUNDLE_IDENTIFIER = ADSkor.StarWarsUITests;
				PRODUCT_NAME = "$(TARGET_NAME)";
				SWIFT_EMIT_LOC_STRINGS = NO;
				SWIFT_VERSION = 5.0;
				TARGETED_DEVICE_FAMILY = "1,2";
				TEST_TARGET_NAME = StarWars;
			};
			name = Release;
		};
/* End XCBuildConfiguration section */

/* Begin XCConfigurationList section */
		1E1C2B3E290C2E6200BBB56D /* Build configuration list for PBXProject "StarWars" */ = {
			isa = XCConfigurationList;
			buildConfigurations = (
				1E1C2B6B290C2E6400BBB56D /* Debug */,
				1E1C2B6C290C2E6400BBB56D /* Release */,
			);
			defaultConfigurationIsVisible = 0;
			defaultConfigurationName = Release;
		};
		1E1C2B6D290C2E6400BBB56D /* Build configuration list for PBXNativeTarget "StarWars" */ = {
			isa = XCConfigurationList;
			buildConfigurations = (
				1E1C2B6E290C2E6400BBB56D /* Debug */,
				1E1C2B6F290C2E6400BBB56D /* Release */,
			);
			defaultConfigurationIsVisible = 0;
			defaultConfigurationName = Release;
		};
		1E1C2B70290C2E6400BBB56D /* Build configuration list for PBXNativeTarget "StarWarsTests" */ = {
			isa = XCConfigurationList;
			buildConfigurations = (
				1E1C2B71290C2E6400BBB56D /* Debug */,
				1E1C2B72290C2E6400BBB56D /* Release */,
			);
			defaultConfigurationIsVisible = 0;
			defaultConfigurationName = Release;
		};
		1E1C2B73290C2E6400BBB56D /* Build configuration list for PBXNativeTarget "StarWarsUITests" */ = {
			isa = XCConfigurationList;
			buildConfigurations = (
				1E1C2B74290C2E6400BBB56D /* Debug */,
				1E1C2B75290C2E6400BBB56D /* Release */,
			);
			defaultConfigurationIsVisible = 0;
			defaultConfigurationName = Release;
		};
/* End XCConfigurationList section */
	};
	rootObject = 1E1C2B3B290C2E6200BBB56D /* Project object */;
}
